
Microsoft Visual Studio Solution File, Format Version 12.00
# Visual Studio Version 16
VisualStudioVersion = 16.0.33529.622
MinimumVisualStudioVersion = 10.0.40219.1
Project("{8BC9CEB8-8B4A-11D0-8D11-00A0C91BC942}") = "20240626ex2", "20240626ex2.vcxproj", "{B456AFE4-44F8-44CD-BC51-0E99EDB480CA}"
EndProject
Global
	GlobalSection(SolutionConfigurationPlatforms) = preSolution
		Debug|x64 = Debug|x64
		Debug|x86 = Debug|x86
		Release|x64 = Release|x64
		Release|x86 = Release|x86
	EndGlobalSection
	GlobalSection(ProjectConfigurationPlatforms) = postSolution
		{B456AFE4-44F8-44CD-BC51-0E99EDB480CA}.Debug|x64.ActiveCfg = Debug|x64
		{B456AFE4-44F8-44CD-BC51-0E99EDB480CA}.Debug|x64.Build.0 = Debug|x64
		{B456AFE4-44F8-44CD-BC51-0E99EDB480CA}.Debug|x86.ActiveCfg = Debug|Win32
		{B456AFE4-44F8-44CD-BC51-0E99EDB480CA}.Debug|x86.Build.0 = Debug|Win32
		{B456AFE4-44F8-44CD-BC51-0E99EDB480CA}.Release|x64.ActiveCfg = Release|x64
		{B456AFE4-44F8-44CD-BC51-0E99EDB480CA}.Release|x64.Build.0 = Release|x64
		{B456AFE4-44F8-44CD-BC51-0E99EDB480CA}.Release|x86.ActiveCfg = Release|Win32
		{B456AFE4-44F8-44CD-BC51-0E99EDB480CA}.Release|x86.Build.0 = Release|Win32
	EndGlobalSection
	GlobalSection(SolutionProperties) = preSolution
		HideSolutionNode = FALSE
	EndGlobalSection
	GlobalSection(ExtensibilityGlobals) = postSolution
		SolutionGuid = {63BDA4A8-B6E4-48C5-BB2F-4622EA70F192}
	EndGlobalSection
EndGlobal
